{
  "name": "async_2_sync",
  "version": "1.0.0",
  "lockfileVersion": 1,
  "requires": true,
  "dependencies": {
    "acorn": {
      "version": "7.1.1",
      "resolved": "https://registry.npmjs.org/acorn/-/acorn-7.1.1.tgz",
      "integrity": "sha512-add7dgA5ppRPxCFJoAGfMDi7PIBXq1RtGo7BhbLaxwrXPOmw8gq48Y9ozT01hUKy9byMjlR20EJhu5zlkErEkg=="
    },
    "esprima": {
      "version": "4.0.1",
      "resolved": "https://registry.npmjs.org/esprima/-/esprima-4.0.1.tgz",
      "integrity": "sha512-eGuFFw7Upda+g4p+QHvnW0RyTX/SVeJBDM/gCtMARO0cLuT2HcEKnTPvhjV6aGeqrCB/sbNop0Kszm0jsaWU4A=="
    },
    "serialize-error": {
      "version": "7.0.1",
      "resolved": "https://registry.npmjs.org/serialize-error/-/serialize-error-7.0.1.tgz",
      "integrity": "sha512-8I8TjW5KMOKsZQTvoxjuSIa7foAwPWGOts+6o7sgjz41/qMD9VQHEDxi6PBvK2l0MXUmqZyNpUK+T2tQaaElvw==",
      "requires": {
        "type-fest": "^0.13.1"
      }
    },
    "type-fest": {
      "version": "0.13.1",
      "resolved": "https://registry.npmjs.org/type-fest/-/type-fest-0.13.1.tgz",
      "integrity": "sha512-34R7HTnG0XIJcBSn5XhDd7nNFPRcXYRZrBB2O2jdKqYODldSzBAqzsWoZYYvduky73toYS/ESqxPvkDf/F0XMg=="
    }
  }
}
